
Microsoft Visual Studio Solution File, Format Version 12.00
# Visual Studio Version 17
VisualStudioVersion = 17.2.32526.322
MinimumVisualStudioVersion = 10.0.40219.1
Project("{FAE04EC0-301F-11D3-BF4B-00C04F79EFBC}") = "Interfaces_Practice", "Interfaces_Practice\Interfaces_Practice.csproj", "{54D39CDA-1022-4012-8ED0-ADB030DBDB58}"
EndProject
Global
	GlobalSection(SolutionConfigurationPlatforms) = preSolution
		Debug|Any CPU = Debug|Any CPU
		Release|Any CPU = Release|Any CPU
	EndGlobalSection
	GlobalSection(ProjectConfigurationPlatforms) = postSolution
		{54D39CDA-1022-4012-8ED0-ADB030DBDB58}.Debug|Any CPU.ActiveCfg = Debug|Any CPU
		{54D39CDA-1022-4012-8ED0-ADB030DBDB58}.Debug|Any CPU.Build.0 = Debug|Any CPU
		{54D39CDA-1022-4012-8ED0-ADB030DBDB58}.Release|Any CPU.ActiveCfg = Release|Any CPU
		{54D39CDA-1022-4012-8ED0-ADB030DBDB58}.Release|Any CPU.Build.0 = Release|Any CPU
	EndGlobalSection
	GlobalSection(SolutionProperties) = preSolution
		HideSolutionNode = FALSE
	EndGlobalSection
	GlobalSection(ExtensibilityGlobals) = postSolution
		SolutionGuid = {FE0E06EC-A95E-43FD-9413-67A2CA9377E8}
	EndGlobalSection
EndGlobal
